
Microsoft Visual Studio Solution File, Format Version 12.00
# Visual Studio 15
VisualStudioVersion = 15.0.27703.2000
MinimumVisualStudioVersion = 10.0.40219.1
Project("{F2A71F9B-5D33-465A-A702-920D77279786}") = "Problem1", "Problem1\Problem1.fsproj", "{0DEF3642-12B9-41A2-A4D5-A1F5F1E404C7}"
EndProject
Project("{F2A71F9B-5D33-465A-A702-920D77279786}") = "Problem3", "Problem3\Problem3.fsproj", "{07B23CDB-006D-4856-A77B-3EED6A79833C}"
EndProject
Project("{F2A71F9B-5D33-465A-A702-920D77279786}") = "Tests", "Tests\Tests.fsproj", "{C2E5AEEE-30DE-42A7-BB62-C8C7E02A84A4}"
EndProject
Global
	GlobalSection(SolutionConfigurationPlatforms) = preSolution
		Debug|Any CPU = Debug|Any CPU
		Release|Any CPU = Release|Any CPU
	EndGlobalSection
	GlobalSection(ProjectConfigurationPlatforms) = postSolution
		{0DEF3642-12B9-41A2-A4D5-A1F5F1E404C7}.Debug|Any CPU.ActiveCfg = Debug|Any CPU
		{0DEF3642-12B9-41A2-A4D5-A1F5F1E404C7}.Debug|Any CPU.Build.0 = Debug|Any CPU
		{0DEF3642-12B9-41A2-A4D5-A1F5F1E404C7}.Release|Any CPU.ActiveCfg = Release|Any CPU
		{0DEF3642-12B9-41A2-A4D5-A1F5F1E404C7}.Release|Any CPU.Build.0 = Release|Any CPU
		{07B23CDB-006D-4856-A77B-3EED6A79833C}.Debug|Any CPU.ActiveCfg = Debug|Any CPU
		{07B23CDB-006D-4856-A77B-3EED6A79833C}.Debug|Any CPU.Build.0 = Debug|Any CPU
		{07B23CDB-006D-4856-A77B-3EED6A79833C}.Release|Any CPU.ActiveCfg = Release|Any CPU
		{07B23CDB-006D-4856-A77B-3EED6A79833C}.Release|Any CPU.Build.0 = Release|Any CPU
		{C2E5AEEE-30DE-42A7-BB62-C8C7E02A84A4}.Debug|Any CPU.ActiveCfg = Debug|Any CPU
		{C2E5AEEE-30DE-42A7-BB62-C8C7E02A84A4}.Debug|Any CPU.Build.0 = Debug|Any CPU
		{C2E5AEEE-30DE-42A7-BB62-C8C7E02A84A4}.Release|Any CPU.ActiveCfg = Release|Any CPU
		{C2E5AEEE-30DE-42A7-BB62-C8C7E02A84A4}.Release|Any CPU.Build.0 = Release|Any CPU
	EndGlobalSection
	GlobalSection(SolutionProperties) = preSolution
		HideSolutionNode = FALSE
	EndGlobalSection
	GlobalSection(ExtensibilityGlobals) = postSolution
		SolutionGuid = {5B0495B6-07B6-41A1-AB6F-E7D4663D1FF0}
	EndGlobalSection
EndGlobal
